
Microsoft Visual Studio Solution File, Format Version 12.00
# Visual Studio 15
VisualStudioVersion = 15.0.28307.168
MinimumVisualStudioVersion = 10.0.40219.1
Project("{8BC9CEB8-8B4A-11D0-8D11-00A0C91BC942}") = "lab2_drones_manager", "lab2_drones_manager\lab2_drones_manager.vcxproj", "{FA41F7D4-426E-41A4-990A-3450C1B99304}"
EndProject
Global
	GlobalSection(SolutionConfigurationPlatforms) = preSolution
		Debug|x64 = Debug|x64
		Debug|x86 = Debug|x86
		Release|x64 = Release|x64
		Release|x86 = Release|x86
	EndGlobalSection
	GlobalSection(ProjectConfigurationPlatforms) = postSolution
		{FA41F7D4-426E-41A4-990A-3450C1B99304}.Debug|x64.ActiveCfg = Debug|x64
		{FA41F7D4-426E-41A4-990A-3450C1B99304}.Debug|x64.Build.0 = Debug|x64
		{FA41F7D4-426E-41A4-990A-3450C1B99304}.Debug|x86.ActiveCfg = Debug|Win32
		{FA41F7D4-426E-41A4-990A-3450C1B99304}.Debug|x86.Build.0 = Debug|Win32
		{FA41F7D4-426E-41A4-990A-3450C1B99304}.Release|x64.ActiveCfg = Release|x64
		{FA41F7D4-426E-41A4-990A-3450C1B99304}.Release|x64.Build.0 = Release|x64
		{FA41F7D4-426E-41A4-990A-3450C1B99304}.Release|x86.ActiveCfg = Release|Win32
		{FA41F7D4-426E-41A4-990A-3450C1B99304}.Release|x86.Build.0 = Release|Win32
	EndGlobalSection
	GlobalSection(SolutionProperties) = preSolution
		HideSolutionNode = FALSE
	EndGlobalSection
	GlobalSection(ExtensibilityGlobals) = postSolution
		SolutionGuid = {C82171B7-E85F-4E6E-AA1D-2253930F66DA}
	EndGlobalSection
EndGlobal
